
Microsoft Visual Studio Solution File, Format Version 12.00
# Visual Studio 15
VisualStudioVersion = 15.0.26730.8
MinimumVisualStudioVersion = 10.0.40219.1
Project("{FAE04EC0-301F-11D3-BF4B-00C04F79EFBC}") = "CheckersBoard", "Checkers\CheckersBoard.csproj", "{34049980-5848-4A22-AB75-155874EE4F5A}"
EndProject
Project("{FAE04EC0-301F-11D3-BF4B-00C04F79EFBC}") = "AutomatedPlay", "AutomatedPlay\AutomatedPlay.csproj", "{B049051B-DB41-452C-9F6E-A81ED23372C0}"
EndProject
Project("{FAE04EC0-301F-11D3-BF4B-00C04F79EFBC}") = "PerformanceTest", "PerformanceTest\PerformanceTest.csproj", "{06436763-37A9-4664-8201-6FD6A0940CDC}"
EndProject
Project("{FAE04EC0-301F-11D3-BF4B-00C04F79EFBC}") = "AutomatedPlay.GUI", "AutomatedPlay.GUI\AutomatedPlay.GUI.csproj", "{80CB94F9-82A7-4AEB-A506-4D3FA5C32441}"
EndProject
Global
	GlobalSection(SolutionConfigurationPlatforms) = preSolution
		Debug|Any CPU = Debug|Any CPU
		Release|Any CPU = Release|Any CPU
	EndGlobalSection
	GlobalSection(ProjectConfigurationPlatforms) = postSolution
		{34049980-5848-4A22-AB75-155874EE4F5A}.Debug|Any CPU.ActiveCfg = Debug|Any CPU
		{34049980-5848-4A22-AB75-155874EE4F5A}.Debug|Any CPU.Build.0 = Debug|Any CPU
		{34049980-5848-4A22-AB75-155874EE4F5A}.Release|Any CPU.ActiveCfg = Release|Any CPU
		{34049980-5848-4A22-AB75-155874EE4F5A}.Release|Any CPU.Build.0 = Release|Any CPU
		{B049051B-DB41-452C-9F6E-A81ED23372C0}.Debug|Any CPU.ActiveCfg = Debug|Any CPU
		{B049051B-DB41-452C-9F6E-A81ED23372C0}.Debug|Any CPU.Build.0 = Debug|Any CPU
		{B049051B-DB41-452C-9F6E-A81ED23372C0}.Release|Any CPU.ActiveCfg = Release|Any CPU
		{B049051B-DB41-452C-9F6E-A81ED23372C0}.Release|Any CPU.Build.0 = Release|Any CPU
		{06436763-37A9-4664-8201-6FD6A0940CDC}.Debug|Any CPU.ActiveCfg = Debug|Any CPU
		{06436763-37A9-4664-8201-6FD6A0940CDC}.Debug|Any CPU.Build.0 = Debug|Any CPU
		{06436763-37A9-4664-8201-6FD6A0940CDC}.Release|Any CPU.ActiveCfg = Release|Any CPU
		{06436763-37A9-4664-8201-6FD6A0940CDC}.Release|Any CPU.Build.0 = Release|Any CPU
		{80CB94F9-82A7-4AEB-A506-4D3FA5C32441}.Debug|Any CPU.ActiveCfg = Debug|Any CPU
		{80CB94F9-82A7-4AEB-A506-4D3FA5C32441}.Debug|Any CPU.Build.0 = Debug|Any CPU
		{80CB94F9-82A7-4AEB-A506-4D3FA5C32441}.Release|Any CPU.ActiveCfg = Release|Any CPU
		{80CB94F9-82A7-4AEB-A506-4D3FA5C32441}.Release|Any CPU.Build.0 = Release|Any CPU
	EndGlobalSection
	GlobalSection(SolutionProperties) = preSolution
		HideSolutionNode = FALSE
	EndGlobalSection
	GlobalSection(ExtensibilityGlobals) = postSolution
		SolutionGuid = {DDBA2A95-B6E3-4C11-9016-426625A553C1}
	EndGlobalSection
EndGlobal
